
Microsoft Visual Studio Solution File, Format Version 12.00
Project("{2150E333-8FDC-42A3-9474-1A3956D46DE8}") = "src", "src", "{8CE48891-67BF-42B7-8271-FEB456F7C924}"
EndProject
Project("{FAE04EC0-301F-11D3-BF4B-00C04F79EFBC}") = "Tacklebox.Api", "Tacklebox.Api\Tacklebox.Api.csproj", "{DFBF4287-9AB1-4043-AE66-7FDC30FA77B1}"
EndProject
Global
	GlobalSection(SolutionConfigurationPlatforms) = preSolution
		Debug|Any CPU = Debug|Any CPU
		Release|Any CPU = Release|Any CPU
	EndGlobalSection
	GlobalSection(NestedProjects) = preSolution
		{DFBF4287-9AB1-4043-AE66-7FDC30FA77B1} = {8CE48891-67BF-42B7-8271-FEB456F7C924}
	EndGlobalSection
	GlobalSection(ProjectConfigurationPlatforms) = postSolution
		{DFBF4287-9AB1-4043-AE66-7FDC30FA77B1}.Debug|Any CPU.ActiveCfg = Debug|Any CPU
		{DFBF4287-9AB1-4043-AE66-7FDC30FA77B1}.Debug|Any CPU.Build.0 = Debug|Any CPU
		{DFBF4287-9AB1-4043-AE66-7FDC30FA77B1}.Release|Any CPU.ActiveCfg = Release|Any CPU
		{DFBF4287-9AB1-4043-AE66-7FDC30FA77B1}.Release|Any CPU.Build.0 = Release|Any CPU
	EndGlobalSection
EndGlobal
